// !$*UTF8*$!
{
	archiveVersion = 1;
	classes = {
	};
	objectVersion = 50;
	objects = {

/* Begin PBXBuildFile section */
		1929F35023CC6DC600D52B2C /* AboutAuthorViewController.swift in Sources */ = {isa = PBXBuildFile; fileRef = 1929F34F23CC6DC600D52B2C /* AboutAuthorViewController.swift */; };
		193B077723CF0AE300269B83 /* BullsEye.html in Resources */ = {isa = PBXBuildFile; fileRef = 193B077623CF0AE300269B83 /* BullsEye.html */; };
		195D9B0923BEA848006EA7AC /* AppDelegate.swift in Sources */ = {isa = PBXBuildFile; fileRef = 195D9B0823BEA848006EA7AC /* AppDelegate.swift */; };
		195D9B0B23BEA848006EA7AC /* SceneDelegate.swift in Sources */ = {isa = PBXBuildFile; fileRef = 195D9B0A23BEA848006EA7AC /* SceneDelegate.swift */; };
		195D9B0D23BEA848006EA7AC /* ViewController.swift in Sources */ = {isa = PBXBuildFile; fileRef = 195D9B0C23BEA848006EA7AC /* ViewController.swift */; };
		195D9B1023BEA848006EA7AC /* Main.storyboard in Resources */ = {isa = PBXBuildFile; fileRef = 195D9B0E23BEA848006EA7AC /* Main.storyboard */; };
		195D9B1223BEA849006EA7AC /* Assets.xcassets in Resources */ = {isa = PBXBuildFile; fileRef = 195D9B1123BEA849006EA7AC /* Assets.xcassets */; };
		195D9B1523BEA849006EA7AC /* LaunchScreen.storyboard in Resources */ = {isa = PBXBuildFile; fileRef = 195D9B1323BEA849006EA7AC /* LaunchScreen.storyboard */; };
		19E4F79723C8C535007ECF5B /* AboutViewController.swift in Sources */ = {isa = PBXBuildFile; fileRef = 19E4F79623C8C535007ECF5B /* AboutViewController.swift */; };
/* End PBXBuildFile section */

/* Begin PBXFileReference section */
		1929F34F23CC6DC600D52B2C /* AboutAuthorViewController.swift */ = {isa = PBXFileReference; lastKnownFileType = sourcecode.swift; path = AboutAuthorViewController.swift; sourceTree = "<group>"; };
		193B077623CF0AE300269B83 /* BullsEye.html */ = {isa = PBXFileReference; fileEncoding = 4; lastKnownFileType = text.html; path = BullsEye.html; sourceTree = "<group>"; };
		195D9B0523BEA848006EA7AC /* Bull's Eye.app */ = {isa = PBXFileReference; explicitFileType = wrapper.application; includeInIndex = 0; path = "Bull's Eye.app"; sourceTree = BUILT_PRODUCTS_DIR; };
		195D9B0823BEA848006EA7AC /* AppDelegate.swift */ = {isa = PBXFileReference; lastKnownFileType = sourcecode.swift; path = AppDelegate.swift; sourceTree = "<group>"; };
		195D9B0A23BEA848006EA7AC /* SceneDelegate.swift */ = {isa = PBXFileReference; lastKnownFileType = sourcecode.swift; path = SceneDelegate.swift; sourceTree = "<group>"; };
		195D9B0C23BEA848006EA7AC /* ViewController.swift */ = {isa = PBXFileReference; lastKnownFileType = sourcecode.swift; path = ViewController.swift; sourceTree = "<group>"; };
		195D9B0F23BEA848006EA7AC /* Base */ = {isa = PBXFileReference; lastKnownFileType = file.storyboard; name = Base; path = Base.lproj/Main.storyboard; sourceTree = "<group>"; };
		195D9B1123BEA849006EA7AC /* Assets.xcassets */ = {isa = PBXFileReference; lastKnownFileType = folder.assetcatalog; path = Assets.xcassets; sourceTree = "<group>"; };
		195D9B1423BEA849006EA7AC /* Base */ = {isa = PBXFileReference; lastKnownFileType = file.storyboard; name = Base; path = Base.lproj/LaunchScreen.storyboard; sourceTree = "<group>"; };
		195D9B1623BEA849006EA7AC /* Info.plist */ = {isa = PBXFileReference; lastKnownFileType = text.plist.xml; path = Info.plist; sourceTree = "<group>"; };
		19E4F79623C8C535007ECF5B /* AboutViewController.swift */ = {isa = PBXFileReference; lastKnownFileType = sourcecode.swift; path = AboutViewController.swift; sourceTree = "<group>"; };
/* End PBXFileReference section */

/* Begin PBXFrameworksBuildPhase section */
		195D9B0223BEA848006EA7AC /* Frameworks */ = {
			isa = PBXFrameworksBuildPhase;
			buildActionMask = 2147483647;
			files = (
			);
			runOnlyForDeploymentPostprocessing = 0;
		};
/* End PBXFrameworksBuildPhase section */

/* Begin PBXGroup section */
		195D9AFC23BEA848006EA7AC = {
			isa = PBXGroup;
			children = (
				195D9B0723BEA848006EA7AC /* BullsEye */,
				195D9B0623BEA848006EA7AC /* Products */,
			);
			sourceTree = "<group>";
		};
		195D9B0623BEA848006EA7AC /* Products */ = {
			isa = PBXGroup;
			children = (
				195D9B0523BEA848006EA7AC /* Bull's Eye.app */,
			);
			name = Products;
			sourceTree = "<group>";
		};
		195D9B0723BEA848006EA7AC /* BullsEye */ = {
			isa = PBXGroup;
			children = (
				195D9B0823BEA848006EA7AC /* AppDelegate.swift */,
				195D9B0A23BEA848006EA7AC /* SceneDelegate.swift */,
				195D9B0C23BEA848006EA7AC /* ViewController.swift */,
				195D9B0E23BEA848006EA7AC /* Main.storyboard */,
				195D9B1123BEA849006EA7AC /* Assets.xcassets */,
				195D9B1323BEA849006EA7AC /* LaunchScreen.storyboard */,
				195D9B1623BEA849006EA7AC /* Info.plist */,
				19E4F79623C8C535007ECF5B /* AboutViewController.swift */,
				1929F34F23CC6DC600D52B2C /* AboutAuthorViewController.swift */,
				193B077623CF0AE300269B83 /* BullsEye.html */,
			);
			path = BullsEye;
			sourceTree = "<group>";
		};
/* End PBXGroup section */

/* Begin PBXNativeTarget section */
		195D9B0423BEA848006EA7AC /* BullsEye */ = {
			isa = PBXNativeTarget;
			buildConfigurationList = 195D9B1923BEA849006EA7AC /* Build configuration list for PBXNativeTarget "BullsEye" */;
			buildPhases = (
				195D9B0123BEA848006EA7AC /* Sources */,
				195D9B0223BEA848006EA7AC /* Frameworks */,
				195D9B0323BEA848006EA7AC /* Resources */,
			);
			buildRules = (
			);
			dependencies = (
			);
			name = BullsEye;
			productName = BullsEye;
			productReference = 195D9B0523BEA848006EA7AC /* Bull's Eye.app */;
			productType = "com.apple.product-type.application";
		};
/* End PBXNativeTarget section */

/* Begin PBXProject section */
		195D9AFD23BEA848006EA7AC /* Project object */ = {
			isa = PBXProject;
			attributes = {
				LastSwiftUpdateCheck = 1110;
				LastUpgradeCheck = 1110;
				ORGANIZATIONNAME = "Jesús Calleja Rodríguez";
				TargetAttributes = {
					195D9B0423BEA848006EA7AC = {
						CreatedOnToolsVersion = 11.1;
					};
				};
			};
			buildConfigurationList = 195D9B0023BEA848006EA7AC /* Build configuration list for PBXProject "BullsEye" */;
			compatibilityVersion = "Xcode 9.3";
			developmentRegion = en;
			hasScannedForEncodings = 0;
			knownRegions = (
				en,
				Base,
			);
			mainGroup = 195D9AFC23BEA848006EA7AC;
			productRefGroup = 195D9B0623BEA848006EA7AC /* Products */;
			projectDirPath = "";
			projectRoot = "";
			targets = (
				195D9B0423BEA848006EA7AC /* BullsEye */,
			);
		};
/* End PBXProject section */

/* Begin PBXResourcesBuildPhase section */
		195D9B0323BEA848006EA7AC /* Resources */ = {
			isa = PBXResourcesBuildPhase;
			buildActionMask = 2147483647;
			files = (
				195D9B1523BEA849006EA7AC /* LaunchScreen.storyboard in Resources */,
				193B077723CF0AE300269B83 /* BullsEye.html in Resources */,
				195D9B1223BEA849006EA7AC /* Assets.xcassets in Resources */,
				195D9B1023BEA848006EA7AC /* Main.storyboard in Resources */,
			);
			runOnlyForDeploymentPostprocessing = 0;
		};
/* End PBXResourcesBuildPhase section */

/* Begin PBXSourcesBuildPhase section */
		195D9B0123BEA848006EA7AC /* Sources */ = {
			isa = PBXSourcesBuildPhase;
			buildActionMask = 2147483647;
			files = (
				195D9B0D23BEA848006EA7AC /* ViewController.swift in Sources */,
				195D9B0923BEA848006EA7AC /* AppDelegate.swift in Sources */,
				19E4F79723C8C535007ECF5B /* AboutViewController.swift in Sources */,
				195D9B0B23BEA848006EA7AC /* SceneDelegate.swift in Sources */,
				1929F35023CC6DC600D52B2C /* AboutAuthorViewController.swift in Sources */,
			);
			runOnlyForDeploymentPostprocessing = 0;
		};
/* End PBXSourcesBuildPhase section */

/* Begin PBXVariantGroup section */
		195D9B0E23BEA848006EA7AC /* Main.storyboard */ = {
			isa = PBXVariantGroup;
			children = (
				195D9B0F23BEA848006EA7AC /* Base */,
			);
			name = Main.storyboard;
			sourceTree = "<group>";
		};
		195D9B1323BEA849006EA7AC /* LaunchScreen.storyboard */ = {
			isa = PBXVariantGroup;
			children = (
				195D9B1423BEA849006EA7AC /* Base */,
			);
			name = LaunchScreen.storyboard;
			sourceTree = "<group>";
		};
/* End PBXVariantGroup section */

/* Begin XCBuildConfiguration section */
		195D9B1723BEA849006EA7AC /* Debug */ = {
			isa = XCBuildConfiguration;
			buildSettings = {
				ALWAYS_SEARCH_USER_PATHS = NO;
				CLANG_ANALYZER_NONNULL = YES;
				CLANG_ANALYZER_NUMBER_OBJECT_CONVERSION = YES_AGGRESSIVE;
				CLANG_CXX_LANGUAGE_STANDARD = "gnu++14";
				CLANG_CXX_LIBRARY = "libc++";
				CLANG_ENABLE_MODULES = YES;
				CLANG_ENABLE_OBJC_ARC = YES;
				CLANG_ENABLE_OBJC_WEAK = YES;
				CLANG_WARN_BLOCK_CAPTURE_AUTORELEASING = YES;
				CLANG_WARN_BOOL_CONVERSION = YES;
				CLANG_WARN_COMMA = YES;
				CLANG_WARN_CONSTANT_CONVERSION = YES;
				CLANG_WARN_DEPRECATED_OBJC_IMPLEMENTATIONS = YES;
				CLANG_WARN_DIRECT_OBJC_ISA_USAGE = YES_ERROR;
				CLANG_WARN_DOCUMENTATION_COMMENTS = YES;
				CLANG_WARN_EMPTY_BODY = YES;
				CLANG_WARN_ENUM_CONVERSION = YES;
				CLANG_WARN_INFINITE_RECURSION = YES;
				CLANG_WARN_INT_CONVERSION = YES;
				CLANG_WARN_NON_LITERAL_NULL_CONVERSION = YES;
				CLANG_WARN_OBJC_IMPLICIT_RETAIN_SELF = YES;
				CLANG_WARN_OBJC_LITERAL_CONVERSION = YES;
				CLANG_WARN_OBJC_ROOT_CLASS = YES_ERROR;
				CLANG_WARN_RANGE_LOOP_ANALYSIS = YES;
				CLANG_WARN_STRICT_PROTOTYPES = YES;
				CLANG_WARN_SUSPICIOUS_MOVE = YES;
				CLANG_WARN_UNGUARDED_AVAILABILITY = YES_AGGRESSIVE;
				CLANG_WARN_UNREACHABLE_CODE = YES;
				CLANG_WARN__DUPLICATE_METHOD_MATCH = YES;
				COPY_PHASE_STRIP = NO;
				DEBUG_INFORMATION_FORMAT = dwarf;
				ENABLE_STRICT_OBJC_MSGSEND = YES;
				ENABLE_TESTABILITY = YES;
				GCC_C_LANGUAGE_STANDARD = gnu11;
				GCC_DYNAMIC_NO_PIC = NO;
				GCC_NO_COMMON_BLOCKS = YES;
				GCC_OPTIMIZATION_LEVEL = 0;
				GCC_PREPROCESSOR_DEFINITIONS = (
					"DEBUG=1",
					"$(inherited)",
				);
				GCC_WARN_64_TO_32_BIT_CONVERSION = YES;
				GCC_WARN_ABOUT_RETURN_TYPE = YES_ERROR;
				GCC_WARN_UNDECLARED_SELECTOR = YES;
				GCC_WARN_UNINITIALIZED_AUTOS = YES_AGGRESSIVE;
				GCC_WARN_UNUSED_FUNCTION = YES;
				GCC_WARN_UNUSED_VARIABLE = YES;
				IPHONEOS_DEPLOYMENT_TARGET = 13.1;
				MTL_ENABLE_DEBUG_INFO = INCLUDE_SOURCE;
				MTL_FAST_MATH = YES;
				ONLY_ACTIVE_ARCH = YES;
				SDKROOT = iphoneos;
				SWIFT_ACTIVE_COMPILATION_CONDITIONS = DEBUG;
				SWIFT_OPTIMIZATION_LEVEL = "-Onone";
			};
			name = Debug;
		};
		195D9B1823BEA849006EA7AC /* Release */ = {
			isa = XCBuildConfiguration;
			buildSettings = {
				ALWAYS_SEARCH_USER_PATHS = NO;
				CLANG_ANALYZER_NONNULL = YES;
				CLANG_ANALYZER_NUMBER_OBJECT_CONVERSION = YES_AGGRESSIVE;
				CLANG_CXX_LANGUAGE_STANDARD = "gnu++14";
				CLANG_CXX_LIBRARY = "libc++";
				CLANG_ENABLE_MODULES = YES;
				CLANG_ENABLE_OBJC_ARC = YES;
				CLANG_ENABLE_OBJC_WEAK = YES;
				CLANG_WARN_BLOCK_CAPTURE_AUTORELEASING = YES;
				CLANG_WARN_BOOL_CONVERSION = YES;
				CLANG_WARN_COMMA = YES;
				CLANG_WARN_CONSTANT_CONVERSION = YES;
				CLANG_WARN_DEPRECATED_OBJC_IMPLEMENTATIONS = YES;
				CLANG_WARN_DIRECT_OBJC_ISA_USAGE = YES_ERROR;
				CLANG_WARN_DOCUMENTATION_COMMENTS = YES;
				CLANG_WARN_EMPTY_BODY = YES;
				CLANG_WARN_ENUM_CONVERSION = YES;
				CLANG_WARN_INFINITE_RECURSION = YES;
				CLANG_WARN_INT_CONVERSION = YES;
				CLANG_WARN_NON_LITERAL_NULL_CONVERSION = YES;
				CLANG_WARN_OBJC_IMPLICIT_RETAIN_SELF = YES;
				CLANG_WARN_OBJC_LITERAL_CONVERSION = YES;
				CLANG_WARN_OBJC_ROOT_CLASS = YES_ERROR;
				CLANG_WARN_RANGE_LOOP_ANALYSIS = YES;
				CLANG_WARN_STRICT_PROTOTYPES = YES;
				CLANG_WARN_SUSPICIOUS_MOVE = YES;
				CLANG_WARN_UNGUARDED_AVAILABILITY = YES_AGGRESSIVE;
				CLANG_WARN_UNREACHABLE_CODE = YES;
				CLANG_WARN__DUPLICATE_METHOD_MATCH = YES;
				COPY_PHASE_STRIP = NO;
				DEBUG_INFORMATION_FORMAT = "dwarf-with-dsym";
				ENABLE_NS_ASSERTIONS = NO;
				ENABLE_STRICT_OBJC_MSGSEND = YES;
				GCC_C_LANGUAGE_STANDARD = gnu11;
				GCC_NO_COMMON_BLOCKS = YES;
				GCC_WARN_64_TO_32_BIT_CONVERSION = YES;
				GCC_WARN_ABOUT_RETURN_TYPE = YES_ERROR;
				GCC_WARN_UNDECLARED_SELECTOR = YES;
				GCC_WARN_UNINITIALIZED_AUTOS = YES_AGGRESSIVE;
				GCC_WARN_UNUSED_FUNCTION = YES;
				GCC_WARN_UNUSED_VARIABLE = YES;
				IPHONEOS_DEPLOYMENT_TARGET = 13.1;
				MTL_ENABLE_DEBUG_INFO = NO;
				MTL_FAST_MATH = YES;
				SDKROOT = iphoneos;
				SWIFT_COMPILATION_MODE = wholemodule;
				SWIFT_OPTIMIZATION_LEVEL = "-O";
				VALIDATE_PRODUCT = YES;
			};
			name = Release;
		};
		195D9B1A23BEA849006EA7AC /* Debug */ = {
			isa = XCBuildConfiguration;
			buildSettings = {
				ASSETCATALOG_COMPILER_APPICON_NAME = AppIcon;
				CODE_SIGN_STYLE = Automatic;
				DEVELOPMENT_TEAM = J6LV37ZZ65;
				INFOPLIST_FILE = BullsEye/Info.plist;
				IPHONEOS_DEPLOYMENT_TARGET = 13.2;
				LD_RUNPATH_SEARCH_PATHS = (
					"$(inherited)",
					"@executable_path/Frameworks",
				);
				PRODUCT_BUNDLE_IDENTIFIER = com.jesuscalleja.bullseye.BullsEye;
				PRODUCT_NAME = "Bull's Eye";
				SWIFT_VERSION = 5.0;
				TARGETED_DEVICE_FAMILY = "1,2";
			};
			name = Debug;
		};
		195D9B1B23BEA849006EA7AC /* Release */ = {
			isa = XCBuildConfiguration;
			buildSettings = {
				ASSETCATALOG_COMPILER_APPICON_NAME = AppIcon;
				CODE_SIGN_STYLE = Automatic;
				DEVELOPMENT_TEAM = J6LV37ZZ65;
				INFOPLIST_FILE = BullsEye/Info.plist;
				IPHONEOS_DEPLOYMENT_TARGET = 13.2;
				LD_RUNPATH_SEARCH_PATHS = (
					"$(inherited)",
					"@executable_path/Frameworks",
				);
				PRODUCT_BUNDLE_IDENTIFIER = com.jesuscalleja.bullseye.BullsEye;
				PRODUCT_NAME = "Bull's Eye";
				SWIFT_VERSION = 5.0;
				TARGETED_DEVICE_FAMILY = "1,2";
			};
			name = Release;
		};
/* End XCBuildConfiguration section */

/* Begin XCConfigurationList section */
		195D9B0023BEA848006EA7AC /* Build configuration list for PBXProject "BullsEye" */ = {
			isa = XCConfigurationList;
			buildConfigurations = (
				195D9B1723BEA849006EA7AC /* Debug */,
				195D9B1823BEA849006EA7AC /* Release */,
			);
			defaultConfigurationIsVisible = 0;
			defaultConfigurationName = Release;
		};
		195D9B1923BEA849006EA7AC /* Build configuration list for PBXNativeTarget "BullsEye" */ = {
			isa = XCConfigurationList;
			buildConfigurations = (
				195D9B1A23BEA849006EA7AC /* Debug */,
				195D9B1B23BEA849006EA7AC /* Release */,
			);
			defaultConfigurationIsVisible = 0;
			defaultConfigurationName = Release;
		};
/* End XCConfigurationList section */
	};
	rootObject = 195D9AFD23BEA848006EA7AC /* Project object */;
}
